{
  "name": "@mliebelt/pgn-viewer",
  "version": "1.2.0",
  "lockfileVersion": 1,
  "requires": true,
  "dependencies": {
    "@babel/runtime": {
      "version": "7.9.6",
      "resolved": "https://registry.npmjs.org/@babel/runtime/-/runtime-7.9.6.tgz",
      "integrity": "sha512-64AF1xY3OAkFHqOb9s4jpgk1Mm5vDZ4L3acHvAml+53nO1XbXLuDodsVpO4OIUsmemlUHMxNdYMNJmsvOwLrvQ==",
      "requires": {
        "regenerator-runtime": "^0.13.4"
      }
    },
    "@mliebelt/pgn-parser": {
      "version": "1.1.1",
      "resolved": "https://registry.npmjs.org/@mliebelt/pgn-parser/-/pgn-parser-1.1.1.tgz",
      "integrity": "sha512-idM4k8j+KDZeytJKl1jBVX++/1JTHtK4YViUNy9ogccHa8k7TV5QjtyvfMGTtGVaJRovV/8PneO8cgQiGeVIHw=="
    },
    "@mliebelt/pgn-reader": {
      "version": "1.1.0",
      "resolved": "https://registry.npmjs.org/@mliebelt/pgn-reader/-/pgn-reader-1.1.0.tgz",
      "integrity": "sha512-Al6ouFK4gOHSlhWXelNieTHnjLjATkWjZjZKC+Fd9LzKbahmLvleieOgYNYBTbWI+r8tok8Y49RMaxegJb9ZjQ==",
      "requires": {
        "@mliebelt/pgn-parser": "^1.1.1",
        "chess.js": "^0.10.3"
      }
    },
    "chess.js": {
      "version": "0.10.3",
      "resolved": "https://registry.npmjs.org/chess.js/-/chess.js-0.10.3.tgz",
      "integrity": "sha512-i51JgVM0ksFMbLJYKoDpfrcFxJHq/XQQx8NltCdfMyDv7vpU5JVzsZz1EOw7nA27eGA5t8tSxodAN+Wc704BoQ=="
    },
    "chessground": {
      "version": "7.6.12",
      "resolved": "https://registry.npmjs.org/chessground/-/chessground-7.6.12.tgz",
      "integrity": "sha512-23Esfh6wxiyPkkC2cFfzOrU1zABXJPofPAUpu2lFGsTCiVwgNNXlC76G7FoDdA3OBi4Mud5wATzikkyLrCQssQ=="
    },
    "es6-object-assign": {
      "version": "1.1.0",
      "resolved": "https://registry.npmjs.org/es6-object-assign/-/es6-object-assign-1.1.0.tgz",
      "integrity": "sha1-wsNYJlYkfDnqEHyx5mUrb58kUjw="
    },
    "i18next": {
      "version": "19.4.4",
      "resolved": "https://registry.npmjs.org/i18next/-/i18next-19.4.4.tgz",
      "integrity": "sha512-ofaHtdsDdX3A5nYur1HWblB7J4hIcjr2ACdnwTAJgc8hTfPbyzZfGX0hVkKpI3vzDIgO6Uzc4v1ffW2W6gG6zw==",
      "requires": {
        "@babel/runtime": "^7.3.1"
      }
    },
    "i18next-localstorage-cache": {
      "version": "1.1.1",
      "resolved": "https://registry.npmjs.org/i18next-localstorage-cache/-/i18next-localstorage-cache-1.1.1.tgz",
      "integrity": "sha1-V1JWzDXoyy2IFI91R2b90tJLsbc="
    },
    "i18next-xhr-backend": {
      "version": "3.2.2",
      "resolved": "https://registry.npmjs.org/i18next-xhr-backend/-/i18next-xhr-backend-3.2.2.tgz",
      "integrity": "sha512-OtRf2Vo3IqAxsttQbpjYnmMML12IMB5e0fc5B7qKJFLScitYaXa1OhMX0n0X/3vrfFlpHL9Ro/H+ps4Ej2j7QQ==",
      "requires": {
        "@babel/runtime": "^7.5.5"
      }
    },
    "mousetrap": {
      "version": "1.6.5",
      "resolved": "https://registry.npmjs.org/mousetrap/-/mousetrap-1.6.5.tgz",
      "integrity": "sha512-QNo4kEepaIBwiT8CDhP98umTetp+JNfQYBWvC1pc6/OAibuXtRcxZ58Qz8skvEHYvURne/7R8T5VoOI7rDsEUA=="
    },
    "promise-polyfill": {
      "version": "6.1.0",
      "resolved": "https://registry.npmjs.org/promise-polyfill/-/promise-polyfill-6.1.0.tgz",
      "integrity": "sha1-36lpQ+qcEh/KTem1hoyznTRy4Fc="
    },
    "regenerator-runtime": {
      "version": "0.13.5",
      "resolved": "https://registry.npmjs.org/regenerator-runtime/-/regenerator-runtime-0.13.5.tgz",
      "integrity": "sha512-ZS5w8CpKFinUzOwW3c83oPeVXoNsrLsaCoLtJvAClH135j/R77RuymhiSErhm2lKcwSCIpmvIWSbDkIfAqKQlA=="
    },
    "smoothscroll-polyfill": {
      "version": "0.4.4",
      "resolved": "https://registry.npmjs.org/smoothscroll-polyfill/-/smoothscroll-polyfill-0.4.4.tgz",
      "integrity": "sha512-TK5ZA9U5RqCwMpfoMq/l1mrH0JAR7y7KRvOBx0n2869aLxch+gT9GhN3yUfjiw+d/DiF1mKo14+hd62JyMmoBg=="
    },
    "sweetalert": {
      "version": "2.1.2",
      "resolved": "https://registry.npmjs.org/sweetalert/-/sweetalert-2.1.2.tgz",
      "integrity": "sha512-iWx7X4anRBNDa/a+AdTmvAzQtkN1+s4j/JJRWlHpYE8Qimkohs8/XnFcWeYHH2lMA8LRCa5tj2d244If3S/hzA==",
      "requires": {
        "es6-object-assign": "^1.1.0",
        "promise-polyfill": "^6.0.2"
      }
    }
  }
}
