{
  "name": "@mliebelt/pgn-viewer",
  "version": "1.5.12",
  "lockfileVersion": 2,
  "requires": true,
  "packages": {
    "": {
      "name": "@mliebelt/pgn-viewer",
      "version": "1.5.12",
      "license": "GPL-3.0-or-later",
      "dependencies": {
        "@mliebelt/pgn-reader": "^1.2.10",
        "chessground": "8.1.9",
        "mousetrap": "^1.6.5",
        "roddeh-i18n": "^1.2.0",
        "smoothscroll-polyfill": "^0.4.4",
        "sweetalert": "^2.1.2"
      },
      "devDependencies": {}
    },
    "node_modules/@mliebelt/pgn-parser": {
      "version": "1.3.5",
      "resolved": "https://registry.npmjs.org/@mliebelt/pgn-parser/-/pgn-parser-1.3.5.tgz",
      "integrity": "sha512-0uMlz+ws+xxKgZHt//delo/ItYxAsybpE+F5PdJlBmEEikDIrYWoahchELUmzozxuTWnmJ0UXoPuzPO6+L5CQw=="
    },
    "node_modules/@mliebelt/pgn-reader": {
      "version": "1.2.10",
      "resolved": "https://registry.npmjs.org/@mliebelt/pgn-reader/-/pgn-reader-1.2.10.tgz",
      "integrity": "sha512-La8BgbkG7OynqvWxzfDhnBoVMlkryhxn/tQBNxJIyGULecMF7D/DO/ROoNK0z7bAcEqzscgDqNZjL26SDuighw==",
      "dependencies": {
        "@mliebelt/pgn-parser": "^1.3.5",
        "chess.js": "^0.10.3"
      }
    },
    "node_modules/chess.js": {
      "version": "0.10.3",
      "resolved": "https://registry.npmjs.org/chess.js/-/chess.js-0.10.3.tgz",
      "integrity": "sha512-i51JgVM0ksFMbLJYKoDpfrcFxJHq/XQQx8NltCdfMyDv7vpU5JVzsZz1EOw7nA27eGA5t8tSxodAN+Wc704BoQ=="
    },
    "node_modules/chessground": {
      "version": "8.1.9",
      "resolved": "https://registry.npmjs.org/chessground/-/chessground-8.1.9.tgz",
      "integrity": "sha512-IZSgOzNtQFE1YNAwtYJYqHwIY/+fHK5ZLhg6qq0nLM/580S1A3hcinfz7mxDwMMeIkcnM4n11IOQfrco9fcJIg=="
    },
    "node_modules/es6-object-assign": {
      "version": "1.1.0",
      "resolved": "https://registry.npmjs.org/es6-object-assign/-/es6-object-assign-1.1.0.tgz",
      "integrity": "sha1-wsNYJlYkfDnqEHyx5mUrb58kUjw="
    },
    "node_modules/mousetrap": {
      "version": "1.6.5",
      "resolved": "https://registry.npmjs.org/mousetrap/-/mousetrap-1.6.5.tgz",
      "integrity": "sha512-QNo4kEepaIBwiT8CDhP98umTetp+JNfQYBWvC1pc6/OAibuXtRcxZ58Qz8skvEHYvURne/7R8T5VoOI7rDsEUA=="
    },
    "node_modules/promise-polyfill": {
      "version": "6.1.0",
      "resolved": "https://registry.npmjs.org/promise-polyfill/-/promise-polyfill-6.1.0.tgz",
      "integrity": "sha1-36lpQ+qcEh/KTem1hoyznTRy4Fc="
    },
    "node_modules/roddeh-i18n": {
      "version": "1.2.0",
      "resolved": "https://registry.npmjs.org/roddeh-i18n/-/roddeh-i18n-1.2.0.tgz",
      "integrity": "sha512-iD6ToyUFHbkk1XvUqfBhdj8LHiLbVlq7PqRWgyIMVvzy1UlRRBBjKIu4Mo1s5clHmgS3xCpIWICfxlU/bcVeiQ=="
    },
    "node_modules/smoothscroll-polyfill": {
      "version": "0.4.4",
      "resolved": "https://registry.npmjs.org/smoothscroll-polyfill/-/smoothscroll-polyfill-0.4.4.tgz",
      "integrity": "sha512-TK5ZA9U5RqCwMpfoMq/l1mrH0JAR7y7KRvOBx0n2869aLxch+gT9GhN3yUfjiw+d/DiF1mKo14+hd62JyMmoBg=="
    },
    "node_modules/sweetalert": {
      "version": "2.1.2",
      "resolved": "https://registry.npmjs.org/sweetalert/-/sweetalert-2.1.2.tgz",
      "integrity": "sha512-iWx7X4anRBNDa/a+AdTmvAzQtkN1+s4j/JJRWlHpYE8Qimkohs8/XnFcWeYHH2lMA8LRCa5tj2d244If3S/hzA==",
      "dependencies": {
        "es6-object-assign": "^1.1.0",
        "promise-polyfill": "^6.0.2"
      }
    }
  },
  "dependencies": {
    "@mliebelt/pgn-parser": {
      "version": "1.3.5",
      "resolved": "https://registry.npmjs.org/@mliebelt/pgn-parser/-/pgn-parser-1.3.5.tgz",
      "integrity": "sha512-0uMlz+ws+xxKgZHt//delo/ItYxAsybpE+F5PdJlBmEEikDIrYWoahchELUmzozxuTWnmJ0UXoPuzPO6+L5CQw=="
    },
    "@mliebelt/pgn-reader": {
      "version": "1.2.10",
      "resolved": "https://registry.npmjs.org/@mliebelt/pgn-reader/-/pgn-reader-1.2.10.tgz",
      "integrity": "sha512-La8BgbkG7OynqvWxzfDhnBoVMlkryhxn/tQBNxJIyGULecMF7D/DO/ROoNK0z7bAcEqzscgDqNZjL26SDuighw==",
      "requires": {
        "@mliebelt/pgn-parser": "^1.3.5",
        "chess.js": "^0.10.3"
      }
    },
    "chess.js": {
      "version": "0.10.3",
      "resolved": "https://registry.npmjs.org/chess.js/-/chess.js-0.10.3.tgz",
      "integrity": "sha512-i51JgVM0ksFMbLJYKoDpfrcFxJHq/XQQx8NltCdfMyDv7vpU5JVzsZz1EOw7nA27eGA5t8tSxodAN+Wc704BoQ=="
    },
    "chessground": {
      "version": "8.1.9",
      "resolved": "https://registry.npmjs.org/chessground/-/chessground-8.1.9.tgz",
      "integrity": "sha512-IZSgOzNtQFE1YNAwtYJYqHwIY/+fHK5ZLhg6qq0nLM/580S1A3hcinfz7mxDwMMeIkcnM4n11IOQfrco9fcJIg=="
    },
    "es6-object-assign": {
      "version": "1.1.0",
      "resolved": "https://registry.npmjs.org/es6-object-assign/-/es6-object-assign-1.1.0.tgz",
      "integrity": "sha1-wsNYJlYkfDnqEHyx5mUrb58kUjw="
    },
    "mousetrap": {
      "version": "1.6.5",
      "resolved": "https://registry.npmjs.org/mousetrap/-/mousetrap-1.6.5.tgz",
      "integrity": "sha512-QNo4kEepaIBwiT8CDhP98umTetp+JNfQYBWvC1pc6/OAibuXtRcxZ58Qz8skvEHYvURne/7R8T5VoOI7rDsEUA=="
    },
    "promise-polyfill": {
      "version": "6.1.0",
      "resolved": "https://registry.npmjs.org/promise-polyfill/-/promise-polyfill-6.1.0.tgz",
      "integrity": "sha1-36lpQ+qcEh/KTem1hoyznTRy4Fc="
    },
    "roddeh-i18n": {
      "version": "1.2.0",
      "resolved": "https://registry.npmjs.org/roddeh-i18n/-/roddeh-i18n-1.2.0.tgz",
      "integrity": "sha512-iD6ToyUFHbkk1XvUqfBhdj8LHiLbVlq7PqRWgyIMVvzy1UlRRBBjKIu4Mo1s5clHmgS3xCpIWICfxlU/bcVeiQ=="
    },
    "smoothscroll-polyfill": {
      "version": "0.4.4",
      "resolved": "https://registry.npmjs.org/smoothscroll-polyfill/-/smoothscroll-polyfill-0.4.4.tgz",
      "integrity": "sha512-TK5ZA9U5RqCwMpfoMq/l1mrH0JAR7y7KRvOBx0n2869aLxch+gT9GhN3yUfjiw+d/DiF1mKo14+hd62JyMmoBg=="
    },
    "sweetalert": {
      "version": "2.1.2",
      "resolved": "https://registry.npmjs.org/sweetalert/-/sweetalert-2.1.2.tgz",
      "integrity": "sha512-iWx7X4anRBNDa/a+AdTmvAzQtkN1+s4j/JJRWlHpYE8Qimkohs8/XnFcWeYHH2lMA8LRCa5tj2d244If3S/hzA==",
      "requires": {
        "es6-object-assign": "^1.1.0",
        "promise-polyfill": "^6.0.2"
      }
    }
  }
}
