{
  "name": "@mliebelt/pgn-reader",
  "version": "1.1.2",
  "lockfileVersion": 1,
  "requires": true,
  "dependencies": {
    "@mliebelt/pgn-parser": {
      "version": "1.1.2",
      "resolved": "https://registry.npmjs.org/@mliebelt/pgn-parser/-/pgn-parser-1.1.2.tgz",
      "integrity": "sha512-1pmJvkYRDxExtXZsItmiNRSDvxfq390PtdCVA8sGJkKrHqx+f8zWMKxDKr2N1JZmmoxrJNAjNbBa5yJPVO3aDQ=="
    },
    "chess.js": {
      "version": "0.10.3",
      "resolved": "https://registry.npmjs.org/chess.js/-/chess.js-0.10.3.tgz",
      "integrity": "sha512-i51JgVM0ksFMbLJYKoDpfrcFxJHq/XQQx8NltCdfMyDv7vpU5JVzsZz1EOw7nA27eGA5t8tSxodAN+Wc704BoQ=="
    }
  }
}
