{
  "name": "@mliebelt/pgn-reader",
  "version": "1.0.1",
  "lockfileVersion": 1,
  "requires": true,
  "dependencies": {
    "@mliebelt/pgn-parser": {
      "version": "1.0.1",
      "resolved": "https://registry.npmjs.org/@mliebelt/pgn-parser/-/pgn-parser-1.0.1.tgz",
      "integrity": "sha512-f5FMVbvIWp1u71GbC2sydn5JcvaIMRdoQhn0fjHFD9zIU36TjpIJbBguNkHhtJ+T4DYlSmTsFs9J3y38ywcGMQ=="
    },
    "chess.js": {
      "version": "0.10.3",
      "resolved": "https://registry.npmjs.org/chess.js/-/chess.js-0.10.3.tgz",
      "integrity": "sha512-i51JgVM0ksFMbLJYKoDpfrcFxJHq/XQQx8NltCdfMyDv7vpU5JVzsZz1EOw7nA27eGA5t8tSxodAN+Wc704BoQ=="
    }
  }
}
