{
  "name": "@mliebelt/pgn-reader",
  "version": "1.1.1",
  "lockfileVersion": 1,
  "requires": true,
  "dependencies": {
    "@mliebelt/pgn-parser": {
      "version": "1.1.1",
      "resolved": "https://registry.npmjs.org/@mliebelt/pgn-parser/-/pgn-parser-1.1.1.tgz",
      "integrity": "sha512-idM4k8j+KDZeytJKl1jBVX++/1JTHtK4YViUNy9ogccHa8k7TV5QjtyvfMGTtGVaJRovV/8PneO8cgQiGeVIHw=="
    },
    "chess.js": {
      "version": "0.10.3",
      "resolved": "https://registry.npmjs.org/chess.js/-/chess.js-0.10.3.tgz",
      "integrity": "sha512-i51JgVM0ksFMbLJYKoDpfrcFxJHq/XQQx8NltCdfMyDv7vpU5JVzsZz1EOw7nA27eGA5t8tSxodAN+Wc704BoQ=="
    }
  }
}
